// !$*UTF8*$!
{
	archiveVersion = 1;
	classes = {
	};
	objectVersion = 46;
	objects = {

/* Begin PBXBuildFile section */
		B606234A20236C0D0060B961 /* BoltUITests.swift in Sources */ = {isa = PBXBuildFile; fileRef = B606234920236C0D0060B961 /* BoltUITests.swift */; };
		B6785E731B63564F000DA7D8 /* AppDelegate.swift in Sources */ = {isa = PBXBuildFile; fileRef = B6785E721B63564F000DA7D8 /* AppDelegate.swift */; };
		B6785E771B63564F000DA7D8 /* Images.xcassets in Resources */ = {isa = PBXBuildFile; fileRef = B6785E761B63564F000DA7D8 /* Images.xcassets */; };
		B6785E7A1B63564F000DA7D8 /* Main.storyboard in Resources */ = {isa = PBXBuildFile; fileRef = B6785E781B63564F000DA7D8 /* Main.storyboard */; };
		B6AD7C8D201BE0EE002AB2CD /* StatusItemController.swift in Sources */ = {isa = PBXBuildFile; fileRef = B6AD7C8C201BE0EE002AB2CD /* StatusItemController.swift */; };
		B6AD7C8F201BE1A2002AB2CD /* SleepControllerTests.swift in Sources */ = {isa = PBXBuildFile; fileRef = B6AD7C8E201BE1A2002AB2CD /* SleepControllerTests.swift */; };
		B6ED5568201BFEF6009F88F9 /* StatusItemControllerTests.swift in Sources */ = {isa = PBXBuildFile; fileRef = B6ED5567201BFEF6009F88F9 /* StatusItemControllerTests.swift */; };
		B6FF775B1F0EC74B00DD722B /* SleepController.swift in Sources */ = {isa = PBXBuildFile; fileRef = B6FF775A1F0EC74B00DD722B /* SleepController.swift */; };
/* End PBXBuildFile section */

/* Begin PBXContainerItemProxy section */
		B606234C20236C0D0060B961 /* PBXContainerItemProxy */ = {
			isa = PBXContainerItemProxy;
			containerPortal = B6785E651B63564F000DA7D8 /* Project object */;
			proxyType = 1;
			remoteGlobalIDString = B6785E6C1B63564F000DA7D8;
			remoteInfo = Bolt;
		};
		B6785E801B63564F000DA7D8 /* PBXContainerItemProxy */ = {
			isa = PBXContainerItemProxy;
			containerPortal = B6785E651B63564F000DA7D8 /* Project object */;
			proxyType = 1;
			remoteGlobalIDString = B6785E6C1B63564F000DA7D8;
			remoteInfo = Bolt;
		};
/* End PBXContainerItemProxy section */

/* Begin PBXFileReference section */
		B606234720236C0D0060B961 /* BoltUITests.xctest */ = {isa = PBXFileReference; explicitFileType = wrapper.cfbundle; includeInIndex = 0; path = BoltUITests.xctest; sourceTree = BUILT_PRODUCTS_DIR; };
		B606234920236C0D0060B961 /* BoltUITests.swift */ = {isa = PBXFileReference; lastKnownFileType = sourcecode.swift; path = BoltUITests.swift; sourceTree = "<group>"; };
		B606234B20236C0D0060B961 /* Info.plist */ = {isa = PBXFileReference; lastKnownFileType = text.plist.xml; path = Info.plist; sourceTree = "<group>"; };
		B6785E6D1B63564F000DA7D8 /* Bolt.app */ = {isa = PBXFileReference; explicitFileType = wrapper.application; includeInIndex = 0; path = Bolt.app; sourceTree = BUILT_PRODUCTS_DIR; };
		B6785E711B63564F000DA7D8 /* Info.plist */ = {isa = PBXFileReference; lastKnownFileType = text.plist.xml; path = Info.plist; sourceTree = "<group>"; };
		B6785E721B63564F000DA7D8 /* AppDelegate.swift */ = {isa = PBXFileReference; lastKnownFileType = sourcecode.swift; path = AppDelegate.swift; sourceTree = "<group>"; };
		B6785E761B63564F000DA7D8 /* Images.xcassets */ = {isa = PBXFileReference; lastKnownFileType = folder.assetcatalog; path = Images.xcassets; sourceTree = "<group>"; };
		B6785E791B63564F000DA7D8 /* Base */ = {isa = PBXFileReference; lastKnownFileType = file.storyboard; name = Base; path = Base.lproj/Main.storyboard; sourceTree = "<group>"; };
		B6785E7F1B63564F000DA7D8 /* BoltTests.xctest */ = {isa = PBXFileReference; explicitFileType = wrapper.cfbundle; includeInIndex = 0; path = BoltTests.xctest; sourceTree = BUILT_PRODUCTS_DIR; };
		B6785E841B63564F000DA7D8 /* Info.plist */ = {isa = PBXFileReference; lastKnownFileType = text.plist.xml; path = Info.plist; sourceTree = "<group>"; };
		B6AD7C8C201BE0EE002AB2CD /* StatusItemController.swift */ = {isa = PBXFileReference; fileEncoding = 4; lastKnownFileType = sourcecode.swift; path = StatusItemController.swift; sourceTree = "<group>"; };
		B6AD7C8E201BE1A2002AB2CD /* SleepControllerTests.swift */ = {isa = PBXFileReference; lastKnownFileType = sourcecode.swift; path = SleepControllerTests.swift; sourceTree = "<group>"; };
		B6ED5567201BFEF6009F88F9 /* StatusItemControllerTests.swift */ = {isa = PBXFileReference; lastKnownFileType = sourcecode.swift; path = StatusItemControllerTests.swift; sourceTree = "<group>"; };
		B6FF775A1F0EC74B00DD722B /* SleepController.swift */ = {isa = PBXFileReference; fileEncoding = 4; lastKnownFileType = sourcecode.swift; path = SleepController.swift; sourceTree = "<group>"; };
/* End PBXFileReference section */

/* Begin PBXFrameworksBuildPhase section */
		B606234420236C0D0060B961 /* Frameworks */ = {
			isa = PBXFrameworksBuildPhase;
			buildActionMask = 2147483647;
			files = (
			);
			runOnlyForDeploymentPostprocessing = 0;
		};
		B6785E6A1B63564F000DA7D8 /* Frameworks */ = {
			isa = PBXFrameworksBuildPhase;
			buildActionMask = 2147483647;
			files = (
			);
			runOnlyForDeploymentPostprocessing = 0;
		};
		B6785E7C1B63564F000DA7D8 /* Frameworks */ = {
			isa = PBXFrameworksBuildPhase;
			buildActionMask = 2147483647;
			files = (
			);
			runOnlyForDeploymentPostprocessing = 0;
		};
/* End PBXFrameworksBuildPhase section */

/* Begin PBXGroup section */
		B606234820236C0D0060B961 /* BoltUITests */ = {
			isa = PBXGroup;
			children = (
				B606234920236C0D0060B961 /* BoltUITests.swift */,
				B606234B20236C0D0060B961 /* Info.plist */,
			);
			path = BoltUITests;
			sourceTree = "<group>";
		};
		B66A4C0120B676FE00B5FF8C /* Legacy Wrappers */ = {
			isa = PBXGroup;
			children = (
				B6FF775A1F0EC74B00DD722B /* SleepController.swift */,
			);
			name = "Legacy Wrappers";
			sourceTree = "<group>";
		};
		B66A4C0220B677E600B5FF8C /* Legacy Wrapper Tests */ = {
			isa = PBXGroup;
			children = (
				B6AD7C8E201BE1A2002AB2CD /* SleepControllerTests.swift */,
			);
			name = "Legacy Wrapper Tests";
			sourceTree = "<group>";
		};
		B6785E641B63564F000DA7D8 = {
			isa = PBXGroup;
			children = (
				B6785E6F1B63564F000DA7D8 /* Bolt */,
				B6785E821B63564F000DA7D8 /* BoltTests */,
				B606234820236C0D0060B961 /* BoltUITests */,
				B6785E6E1B63564F000DA7D8 /* Products */,
			);
			sourceTree = "<group>";
		};
		B6785E6E1B63564F000DA7D8 /* Products */ = {
			isa = PBXGroup;
			children = (
				B6785E6D1B63564F000DA7D8 /* Bolt.app */,
				B6785E7F1B63564F000DA7D8 /* BoltTests.xctest */,
				B606234720236C0D0060B961 /* BoltUITests.xctest */,
			);
			name = Products;
			sourceTree = "<group>";
		};
		B6785E6F1B63564F000DA7D8 /* Bolt */ = {
			isa = PBXGroup;
			children = (
				B6785E721B63564F000DA7D8 /* AppDelegate.swift */,
				B6AD7C8C201BE0EE002AB2CD /* StatusItemController.swift */,
				B66A4C0120B676FE00B5FF8C /* Legacy Wrappers */,
				B6785E761B63564F000DA7D8 /* Images.xcassets */,
				B6785E781B63564F000DA7D8 /* Main.storyboard */,
				B6785E701B63564F000DA7D8 /* Supporting Files */,
			);
			path = Bolt;
			sourceTree = "<group>";
		};
		B6785E701B63564F000DA7D8 /* Supporting Files */ = {
			isa = PBXGroup;
			children = (
				B6785E711B63564F000DA7D8 /* Info.plist */,
			);
			name = "Supporting Files";
			sourceTree = "<group>";
		};
		B6785E821B63564F000DA7D8 /* BoltTests */ = {
			isa = PBXGroup;
			children = (
				B6ED5567201BFEF6009F88F9 /* StatusItemControllerTests.swift */,
				B66A4C0220B677E600B5FF8C /* Legacy Wrapper Tests */,
				B6785E831B63564F000DA7D8 /* Supporting Files */,
			);
			path = BoltTests;
			sourceTree = "<group>";
		};
		B6785E831B63564F000DA7D8 /* Supporting Files */ = {
			isa = PBXGroup;
			children = (
				B6785E841B63564F000DA7D8 /* Info.plist */,
			);
			name = "Supporting Files";
			sourceTree = "<group>";
		};
/* End PBXGroup section */

/* Begin PBXNativeTarget section */
		B606234620236C0D0060B961 /* BoltUITests */ = {
			isa = PBXNativeTarget;
			buildConfigurationList = B606235020236C0D0060B961 /* Build configuration list for PBXNativeTarget "BoltUITests" */;
			buildPhases = (
				B606234320236C0D0060B961 /* Sources */,
				B606234420236C0D0060B961 /* Frameworks */,
				B606234520236C0D0060B961 /* Resources */,
			);
			buildRules = (
			);
			dependencies = (
				B606234D20236C0D0060B961 /* PBXTargetDependency */,
			);
			name = BoltUITests;
			productName = BoltUITests;
			productReference = B606234720236C0D0060B961 /* BoltUITests.xctest */;
			productType = "com.apple.product-type.bundle.ui-testing";
		};
		B6785E6C1B63564F000DA7D8 /* Bolt */ = {
			isa = PBXNativeTarget;
			buildConfigurationList = B6785E891B63564F000DA7D8 /* Build configuration list for PBXNativeTarget "Bolt" */;
			buildPhases = (
				B6785E691B63564F000DA7D8 /* Sources */,
				B6785E6A1B63564F000DA7D8 /* Frameworks */,
				B6785E6B1B63564F000DA7D8 /* Resources */,
			);
			buildRules = (
			);
			dependencies = (
			);
			name = Bolt;
			productName = Bolt;
			productReference = B6785E6D1B63564F000DA7D8 /* Bolt.app */;
			productType = "com.apple.product-type.application";
		};
		B6785E7E1B63564F000DA7D8 /* BoltTests */ = {
			isa = PBXNativeTarget;
			buildConfigurationList = B6785E8C1B63564F000DA7D8 /* Build configuration list for PBXNativeTarget "BoltTests" */;
			buildPhases = (
				B6785E7B1B63564F000DA7D8 /* Sources */,
				B6785E7C1B63564F000DA7D8 /* Frameworks */,
				B6785E7D1B63564F000DA7D8 /* Resources */,
			);
			buildRules = (
			);
			dependencies = (
				B6785E811B63564F000DA7D8 /* PBXTargetDependency */,
			);
			name = BoltTests;
			productName = BoltTests;
			productReference = B6785E7F1B63564F000DA7D8 /* BoltTests.xctest */;
			productType = "com.apple.product-type.bundle.unit-test";
		};
/* End PBXNativeTarget section */

/* Begin PBXProject section */
		B6785E651B63564F000DA7D8 /* Project object */ = {
			isa = PBXProject;
			attributes = {
				LastSwiftMigration = 0720;
				LastSwiftUpdateCheck = 0920;
				LastUpgradeCheck = 0930;
				ORGANIZATIONNAME = "Robert Walker";
				TargetAttributes = {
					B606234620236C0D0060B961 = {
						CreatedOnToolsVersion = 9.2;
						DevelopmentTeam = PATRVL3XV9;
						LastSwiftMigration = 1010;
						ProvisioningStyle = Automatic;
						TestTargetID = B6785E6C1B63564F000DA7D8;
					};
					B6785E6C1B63564F000DA7D8 = {
						CreatedOnToolsVersion = 6.4;
						DevelopmentTeam = PATRVL3XV9;
						LastSwiftMigration = 1010;
					};
					B6785E7E1B63564F000DA7D8 = {
						CreatedOnToolsVersion = 6.4;
						LastSwiftMigration = 1010;
						TestTargetID = B6785E6C1B63564F000DA7D8;
					};
				};
			};
			buildConfigurationList = B6785E681B63564F000DA7D8 /* Build configuration list for PBXProject "Bolt" */;
			compatibilityVersion = "Xcode 3.2";
			developmentRegion = English;
			hasScannedForEncodings = 0;
			knownRegions = (
				en,
				Base,
			);
			mainGroup = B6785E641B63564F000DA7D8;
			productRefGroup = B6785E6E1B63564F000DA7D8 /* Products */;
			projectDirPath = "";
			projectRoot = "";
			targets = (
				B6785E6C1B63564F000DA7D8 /* Bolt */,
				B6785E7E1B63564F000DA7D8 /* BoltTests */,
				B606234620236C0D0060B961 /* BoltUITests */,
			);
		};
/* End PBXProject section */

/* Begin PBXResourcesBuildPhase section */
		B606234520236C0D0060B961 /* Resources */ = {
			isa = PBXResourcesBuildPhase;
			buildActionMask = 2147483647;
			files = (
			);
			runOnlyForDeploymentPostprocessing = 0;
		};
		B6785E6B1B63564F000DA7D8 /* Resources */ = {
			isa = PBXResourcesBuildPhase;
			buildActionMask = 2147483647;
			files = (
				B6785E771B63564F000DA7D8 /* Images.xcassets in Resources */,
				B6785E7A1B63564F000DA7D8 /* Main.storyboard in Resources */,
			);
			runOnlyForDeploymentPostprocessing = 0;
		};
		B6785E7D1B63564F000DA7D8 /* Resources */ = {
			isa = PBXResourcesBuildPhase;
			buildActionMask = 2147483647;
			files = (
			);
			runOnlyForDeploymentPostprocessing = 0;
		};
/* End PBXResourcesBuildPhase section */

/* Begin PBXSourcesBuildPhase section */
		B606234320236C0D0060B961 /* Sources */ = {
			isa = PBXSourcesBuildPhase;
			buildActionMask = 2147483647;
			files = (
				B606234A20236C0D0060B961 /* BoltUITests.swift in Sources */,
			);
			runOnlyForDeploymentPostprocessing = 0;
		};
		B6785E691B63564F000DA7D8 /* Sources */ = {
			isa = PBXSourcesBuildPhase;
			buildActionMask = 2147483647;
			files = (
				B6FF775B1F0EC74B00DD722B /* SleepController.swift in Sources */,
				B6785E731B63564F000DA7D8 /* AppDelegate.swift in Sources */,
				B6AD7C8D201BE0EE002AB2CD /* StatusItemController.swift in Sources */,
			);
			runOnlyForDeploymentPostprocessing = 0;
		};
		B6785E7B1B63564F000DA7D8 /* Sources */ = {
			isa = PBXSourcesBuildPhase;
			buildActionMask = 2147483647;
			files = (
				B6ED5568201BFEF6009F88F9 /* StatusItemControllerTests.swift in Sources */,
				B6AD7C8F201BE1A2002AB2CD /* SleepControllerTests.swift in Sources */,
			);
			runOnlyForDeploymentPostprocessing = 0;
		};
/* End PBXSourcesBuildPhase section */

/* Begin PBXTargetDependency section */
		B606234D20236C0D0060B961 /* PBXTargetDependency */ = {
			isa = PBXTargetDependency;
			target = B6785E6C1B63564F000DA7D8 /* Bolt */;
			targetProxy = B606234C20236C0D0060B961 /* PBXContainerItemProxy */;
		};
		B6785E811B63564F000DA7D8 /* PBXTargetDependency */ = {
			isa = PBXTargetDependency;
			target = B6785E6C1B63564F000DA7D8 /* Bolt */;
			targetProxy = B6785E801B63564F000DA7D8 /* PBXContainerItemProxy */;
		};
/* End PBXTargetDependency section */

/* Begin PBXVariantGroup section */
		B6785E781B63564F000DA7D8 /* Main.storyboard */ = {
			isa = PBXVariantGroup;
			children = (
				B6785E791B63564F000DA7D8 /* Base */,
			);
			name = Main.storyboard;
			sourceTree = "<group>";
		};
/* End PBXVariantGroup section */

/* Begin XCBuildConfiguration section */
		B606234E20236C0D0060B961 /* Debug */ = {
			isa = XCBuildConfiguration;
			buildSettings = {
				CLANG_ANALYZER_NONNULL = YES;
				CLANG_ANALYZER_NUMBER_OBJECT_CONVERSION = YES_AGGRESSIVE;
				CLANG_CXX_LANGUAGE_STANDARD = "gnu++14";
				CLANG_WARN_DOCUMENTATION_COMMENTS = YES;
				CLANG_WARN_UNGUARDED_AVAILABILITY = YES_AGGRESSIVE;
				CODE_SIGN_IDENTITY = "Mac Developer";
				CODE_SIGN_STYLE = Automatic;
				COMBINE_HIDPI_IMAGES = YES;
				DEVELOPMENT_TEAM = PATRVL3XV9;
				GCC_C_LANGUAGE_STANDARD = gnu11;
				INFOPLIST_FILE = BoltUITests/Info.plist;
				LD_RUNPATH_SEARCH_PATHS = "$(inherited) @executable_path/../Frameworks @loader_path/../Frameworks";
				PRODUCT_BUNDLE_IDENTIFIER = com.robertwalker.BoltUITests;
				PRODUCT_NAME = "$(TARGET_NAME)";
				SWIFT_ACTIVE_COMPILATION_CONDITIONS = DEBUG;
				SWIFT_VERSION = 4.2;
				TEST_TARGET_NAME = Bolt;
			};
			name = Debug;
		};
		B606234F20236C0D0060B961 /* Release */ = {
			isa = XCBuildConfiguration;
			buildSettings = {
				CLANG_ANALYZER_NONNULL = YES;
				CLANG_ANALYZER_NUMBER_OBJECT_CONVERSION = YES_AGGRESSIVE;
				CLANG_CXX_LANGUAGE_STANDARD = "gnu++14";
				CLANG_WARN_DOCUMENTATION_COMMENTS = YES;
				CLANG_WARN_UNGUARDED_AVAILABILITY = YES_AGGRESSIVE;
				CODE_SIGN_IDENTITY = "Mac Developer";
				CODE_SIGN_STYLE = Automatic;
				COMBINE_HIDPI_IMAGES = YES;
				DEVELOPMENT_TEAM = PATRVL3XV9;
				GCC_C_LANGUAGE_STANDARD = gnu11;
				INFOPLIST_FILE = BoltUITests/Info.plist;
				LD_RUNPATH_SEARCH_PATHS = "$(inherited) @executable_path/../Frameworks @loader_path/../Frameworks";
				PRODUCT_BUNDLE_IDENTIFIER = com.robertwalker.BoltUITests;
				PRODUCT_NAME = "$(TARGET_NAME)";
				SWIFT_VERSION = 4.2;
				TEST_TARGET_NAME = Bolt;
			};
			name = Release;
		};
		B6785E871B63564F000DA7D8 /* Debug */ = {
			isa = XCBuildConfiguration;
			buildSettings = {
				ALWAYS_SEARCH_USER_PATHS = NO;
				CLANG_CXX_LANGUAGE_STANDARD = "gnu++0x";
				CLANG_CXX_LIBRARY = "libc++";
				CLANG_ENABLE_MODULES = YES;
				CLANG_ENABLE_OBJC_ARC = YES;
				CLANG_WARN_BLOCK_CAPTURE_AUTORELEASING = YES;
				CLANG_WARN_BOOL_CONVERSION = YES;
				CLANG_WARN_COMMA = YES;
				CLANG_WARN_CONSTANT_CONVERSION = YES;
				CLANG_WARN_DEPRECATED_OBJC_IMPLEMENTATIONS = YES;
				CLANG_WARN_DIRECT_OBJC_ISA_USAGE = YES_ERROR;
				CLANG_WARN_EMPTY_BODY = YES;
				CLANG_WARN_ENUM_CONVERSION = YES;
				CLANG_WARN_INFINITE_RECURSION = YES;
				CLANG_WARN_INT_CONVERSION = YES;
				CLANG_WARN_NON_LITERAL_NULL_CONVERSION = YES;
				CLANG_WARN_OBJC_IMPLICIT_RETAIN_SELF = YES;
				CLANG_WARN_OBJC_LITERAL_CONVERSION = YES;
				CLANG_WARN_OBJC_ROOT_CLASS = YES_ERROR;
				CLANG_WARN_RANGE_LOOP_ANALYSIS = YES;
				CLANG_WARN_STRICT_PROTOTYPES = YES;
				CLANG_WARN_SUSPICIOUS_MOVE = YES;
				CLANG_WARN_UNREACHABLE_CODE = YES;
				CLANG_WARN__DUPLICATE_METHOD_MATCH = YES;
				CODE_SIGN_IDENTITY = "-";
				COPY_PHASE_STRIP = NO;
				DEBUG_INFORMATION_FORMAT = dwarf;
				ENABLE_STRICT_OBJC_MSGSEND = YES;
				ENABLE_TESTABILITY = YES;
				GCC_C_LANGUAGE_STANDARD = gnu99;
				GCC_DYNAMIC_NO_PIC = NO;
				GCC_NO_COMMON_BLOCKS = YES;
				GCC_OPTIMIZATION_LEVEL = 0;
				GCC_PREPROCESSOR_DEFINITIONS = (
					"DEBUG=1",
					"$(inherited)",
				);
				GCC_SYMBOLS_PRIVATE_EXTERN = NO;
				GCC_WARN_64_TO_32_BIT_CONVERSION = YES;
				GCC_WARN_ABOUT_RETURN_TYPE = YES_ERROR;
				GCC_WARN_UNDECLARED_SELECTOR = YES;
				GCC_WARN_UNINITIALIZED_AUTOS = YES_AGGRESSIVE;
				GCC_WARN_UNUSED_FUNCTION = YES;
				GCC_WARN_UNUSED_VARIABLE = YES;
				MACOSX_DEPLOYMENT_TARGET = 10.14;
				MTL_ENABLE_DEBUG_INFO = YES;
				ONLY_ACTIVE_ARCH = YES;
				SDKROOT = macosx;
				SWIFT_OPTIMIZATION_LEVEL = "-Onone";
			};
			name = Debug;
		};
		B6785E881B63564F000DA7D8 /* Release */ = {
			isa = XCBuildConfiguration;
			buildSettings = {
				ALWAYS_SEARCH_USER_PATHS = NO;
				CLANG_CXX_LANGUAGE_STANDARD = "gnu++0x";
				CLANG_CXX_LIBRARY = "libc++";
				CLANG_ENABLE_MODULES = YES;
				CLANG_ENABLE_OBJC_ARC = YES;
				CLANG_WARN_BLOCK_CAPTURE_AUTORELEASING = YES;
				CLANG_WARN_BOOL_CONVERSION = YES;
				CLANG_WARN_COMMA = YES;
				CLANG_WARN_CONSTANT_CONVERSION = YES;
				CLANG_WARN_DEPRECATED_OBJC_IMPLEMENTATIONS = YES;
				CLANG_WARN_DIRECT_OBJC_ISA_USAGE = YES_ERROR;
				CLANG_WARN_EMPTY_BODY = YES;
				CLANG_WARN_ENUM_CONVERSION = YES;
				CLANG_WARN_INFINITE_RECURSION = YES;
				CLANG_WARN_INT_CONVERSION = YES;
				CLANG_WARN_NON_LITERAL_NULL_CONVERSION = YES;
				CLANG_WARN_OBJC_IMPLICIT_RETAIN_SELF = YES;
				CLANG_WARN_OBJC_LITERAL_CONVERSION = YES;
				CLANG_WARN_OBJC_ROOT_CLASS = YES_ERROR;
				CLANG_WARN_RANGE_LOOP_ANALYSIS = YES;
				CLANG_WARN_STRICT_PROTOTYPES = YES;
				CLANG_WARN_SUSPICIOUS_MOVE = YES;
				CLANG_WARN_UNREACHABLE_CODE = YES;
				CLANG_WARN__DUPLICATE_METHOD_MATCH = YES;
				CODE_SIGN_IDENTITY = "-";
				COPY_PHASE_STRIP = NO;
				DEBUG_INFORMATION_FORMAT = "dwarf-with-dsym";
				ENABLE_NS_ASSERTIONS = NO;
				ENABLE_STRICT_OBJC_MSGSEND = YES;
				GCC_C_LANGUAGE_STANDARD = gnu99;
				GCC_NO_COMMON_BLOCKS = YES;
				GCC_WARN_64_TO_32_BIT_CONVERSION = YES;
				GCC_WARN_ABOUT_RETURN_TYPE = YES_ERROR;
				GCC_WARN_UNDECLARED_SELECTOR = YES;
				GCC_WARN_UNINITIALIZED_AUTOS = YES_AGGRESSIVE;
				GCC_WARN_UNUSED_FUNCTION = YES;
				GCC_WARN_UNUSED_VARIABLE = YES;
				MACOSX_DEPLOYMENT_TARGET = 10.14;
				MTL_ENABLE_DEBUG_INFO = NO;
				SDKROOT = macosx;
				SWIFT_OPTIMIZATION_LEVEL = "-Owholemodule";
			};
			name = Release;
		};
		B6785E8A1B63564F000DA7D8 /* Debug */ = {
			isa = XCBuildConfiguration;
			buildSettings = {
				ASSETCATALOG_COMPILER_APPICON_NAME = AppIcon;
				CODE_SIGN_IDENTITY = "Mac Developer";
				COMBINE_HIDPI_IMAGES = YES;
				DEVELOPMENT_TEAM = PATRVL3XV9;
				INFOPLIST_FILE = Bolt/Info.plist;
				LD_RUNPATH_SEARCH_PATHS = "$(inherited) @executable_path/../Frameworks";
				PRODUCT_BUNDLE_IDENTIFIER = "com.robertwalker.$(PRODUCT_NAME:rfc1034identifier)";
				PRODUCT_NAME = "$(TARGET_NAME)";
				SWIFT_VERSION = 4.2;
			};
			name = Debug;
		};
		B6785E8B1B63564F000DA7D8 /* Release */ = {
			isa = XCBuildConfiguration;
			buildSettings = {
				ASSETCATALOG_COMPILER_APPICON_NAME = AppIcon;
				CODE_SIGN_IDENTITY = "Mac Developer";
				COMBINE_HIDPI_IMAGES = YES;
				DEVELOPMENT_TEAM = PATRVL3XV9;
				INFOPLIST_FILE = Bolt/Info.plist;
				LD_RUNPATH_SEARCH_PATHS = "$(inherited) @executable_path/../Frameworks";
				PRODUCT_BUNDLE_IDENTIFIER = "com.robertwalker.$(PRODUCT_NAME:rfc1034identifier)";
				PRODUCT_NAME = "$(TARGET_NAME)";
				SWIFT_VERSION = 4.2;
			};
			name = Release;
		};
		B6785E8D1B63564F000DA7D8 /* Debug */ = {
			isa = XCBuildConfiguration;
			buildSettings = {
				BUNDLE_LOADER = "$(TEST_HOST)";
				COMBINE_HIDPI_IMAGES = YES;
				FRAMEWORK_SEARCH_PATHS = (
					"$(DEVELOPER_FRAMEWORKS_DIR)",
					"$(inherited)",
				);
				GCC_PREPROCESSOR_DEFINITIONS = (
					"DEBUG=1",
					"$(inherited)",
				);
				INFOPLIST_FILE = BoltTests/Info.plist;
				LD_RUNPATH_SEARCH_PATHS = "$(inherited) @executable_path/../Frameworks @loader_path/../Frameworks";
				PRODUCT_BUNDLE_IDENTIFIER = "com.robertwalker.$(PRODUCT_NAME:rfc1034identifier)";
				PRODUCT_NAME = "$(TARGET_NAME)";
				SWIFT_VERSION = 4.2;
				TEST_HOST = "$(BUILT_PRODUCTS_DIR)/Bolt.app/Contents/MacOS/Bolt";
			};
			name = Debug;
		};
		B6785E8E1B63564F000DA7D8 /* Release */ = {
			isa = XCBuildConfiguration;
			buildSettings = {
				BUNDLE_LOADER = "$(TEST_HOST)";
				COMBINE_HIDPI_IMAGES = YES;
				FRAMEWORK_SEARCH_PATHS = (
					"$(DEVELOPER_FRAMEWORKS_DIR)",
					"$(inherited)",
				);
				INFOPLIST_FILE = BoltTests/Info.plist;
				LD_RUNPATH_SEARCH_PATHS = "$(inherited) @executable_path/../Frameworks @loader_path/../Frameworks";
				PRODUCT_BUNDLE_IDENTIFIER = "com.robertwalker.$(PRODUCT_NAME:rfc1034identifier)";
				PRODUCT_NAME = "$(TARGET_NAME)";
				SWIFT_VERSION = 4.2;
				TEST_HOST = "$(BUILT_PRODUCTS_DIR)/Bolt.app/Contents/MacOS/Bolt";
			};
			name = Release;
		};
/* End XCBuildConfiguration section */

/* Begin XCConfigurationList section */
		B606235020236C0D0060B961 /* Build configuration list for PBXNativeTarget "BoltUITests" */ = {
			isa = XCConfigurationList;
			buildConfigurations = (
				B606234E20236C0D0060B961 /* Debug */,
				B606234F20236C0D0060B961 /* Release */,
			);
			defaultConfigurationIsVisible = 0;
			defaultConfigurationName = Release;
		};
		B6785E681B63564F000DA7D8 /* Build configuration list for PBXProject "Bolt" */ = {
			isa = XCConfigurationList;
			buildConfigurations = (
				B6785E871B63564F000DA7D8 /* Debug */,
				B6785E881B63564F000DA7D8 /* Release */,
			);
			defaultConfigurationIsVisible = 0;
			defaultConfigurationName = Release;
		};
		B6785E891B63564F000DA7D8 /* Build configuration list for PBXNativeTarget "Bolt" */ = {
			isa = XCConfigurationList;
			buildConfigurations = (
				B6785E8A1B63564F000DA7D8 /* Debug */,
				B6785E8B1B63564F000DA7D8 /* Release */,
			);
			defaultConfigurationIsVisible = 0;
			defaultConfigurationName = Release;
		};
		B6785E8C1B63564F000DA7D8 /* Build configuration list for PBXNativeTarget "BoltTests" */ = {
			isa = XCConfigurationList;
			buildConfigurations = (
				B6785E8D1B63564F000DA7D8 /* Debug */,
				B6785E8E1B63564F000DA7D8 /* Release */,
			);
			defaultConfigurationIsVisible = 0;
			defaultConfigurationName = Release;
		};
/* End XCConfigurationList section */
	};
	rootObject = B6785E651B63564F000DA7D8 /* Project object */;
}
